
Microsoft Visual Studio Solution File, Format Version 12.00
# Visual Studio Version 16
VisualStudioVersion = 16.0.30330.147
MinimumVisualStudioVersion = 10.0.40219.1
Project("{9A19103F-16F7-4668-BE54-9A1E7A4F7556}") = "SimpleShoppingCart", "SimpleShoppingCart.csproj", "{9CF2311F-3D95-42CE-99F8-B12C1E1CDC0D}"
EndProject
Project("{FAE04EC0-301F-11D3-BF4B-00C04F79EFBC}") = "SimpleShoppingCartTest", "..\SimpleShoppingCartTest\SimpleShoppingCartTest.csproj", "{F52D3C9A-9A05-4CF2-9610-AD44CA2BAA12}"
EndProject
Global
	GlobalSection(SolutionConfigurationPlatforms) = preSolution
		Debug|Any CPU = Debug|Any CPU
		Release|Any CPU = Release|Any CPU
	EndGlobalSection
	GlobalSection(ProjectConfigurationPlatforms) = postSolution
		{9CF2311F-3D95-42CE-99F8-B12C1E1CDC0D}.Debug|Any CPU.ActiveCfg = Debug|Any CPU
		{9CF2311F-3D95-42CE-99F8-B12C1E1CDC0D}.Debug|Any CPU.Build.0 = Debug|Any CPU
		{9CF2311F-3D95-42CE-99F8-B12C1E1CDC0D}.Release|Any CPU.ActiveCfg = Release|Any CPU
		{9CF2311F-3D95-42CE-99F8-B12C1E1CDC0D}.Release|Any CPU.Build.0 = Release|Any CPU
		{F52D3C9A-9A05-4CF2-9610-AD44CA2BAA12}.Debug|Any CPU.ActiveCfg = Debug|Any CPU
		{F52D3C9A-9A05-4CF2-9610-AD44CA2BAA12}.Debug|Any CPU.Build.0 = Debug|Any CPU
		{F52D3C9A-9A05-4CF2-9610-AD44CA2BAA12}.Release|Any CPU.ActiveCfg = Release|Any CPU
		{F52D3C9A-9A05-4CF2-9610-AD44CA2BAA12}.Release|Any CPU.Build.0 = Release|Any CPU
	EndGlobalSection
	GlobalSection(SolutionProperties) = preSolution
		HideSolutionNode = FALSE
	EndGlobalSection
	GlobalSection(ExtensibilityGlobals) = postSolution
		SolutionGuid = {A09680EF-6837-43FA-A9D4-CD1C36FB1491}
	EndGlobalSection
EndGlobal
